<Solution>
  <Project Path="frontend/student/Synapse.Blocks.csproj" />
  <Project Path="shared/Synapse.Blocks.Core/Synapse.Blocks.Core.csproj" />
  <Project Path="tests/Synapse.Blocks.Core.Tests/Synapse.Blocks.Core.Tests.csproj" />
  <Project Path="backend/Synapse.Blocks.Api/Synapse.Blocks.Api.csproj" />
  <Project Path="tests/Synapse.Blocks.Api.Tests/Synapse.Blocks.Api.Tests.csproj" />
</Solution>
